{
  "version": 4,
  "terraform_version": "1.5.0",
  "serial": 2,
  "lineage": "790807a2-bb8d-f063-7a95-9f12819cfa64",
  "outputs": {
    "autoscaling_group_name": {
      "value": "fuzefront-website-production-asg",
      "type": "string"
    },
    "launch_template_id": {
      "value": "lt-05813531e03ad16d3",
      "type": "string"
    },
    "load_balancer_dns_name": {
      "value": "fuzefront-website-production-alb-717394184.us-east-1.elb.amazonaws.com",
      "type": "string"
    },
    "load_balancer_zone_id": {
      "value": "Z35SXDOTRQ7X7K",
      "type": "string"
    },
    "public_subnet_ids": {
      "value": [
        "subnet-023c7dbcdfffa5310",
        "subnet-0218b69cafe4590c5",
        "subnet-0cb00f0f181864540",
        "subnet-03b130ad48ac8854a",
        "subnet-0c8cc09e11ddb07eb",
        "subnet-0a0c88035d5dc9f83"
      ],
      "type": [
        "list",
        "string"
      ]
    },
    "route53_zone_name_servers": {
      "value": [],
      "type": [
        "tuple",
        []
      ]
    },
    "security_group_alb_id": {
      "value": "sg-01bccbb06ca24fe3f",
      "type": "string"
    },
    "security_group_ec2_id": {
      "value": "sg-02d69c4ff13b0062a",
      "type": "string"
    },
    "vpc_id": {
      "value": "vpc-03087eb29ab79b8bb",
      "type": "string"
    },
    "website_url": {
      "value": "https://fuzefront.com",
      "type": "string"
    }
  },
  "resources": [
    {
      "mode": "data",
      "type": "aws_autoscaling_group",
      "name": "main",
      "provider": "provider[\"registry.terraform.io/hashicorp/aws\"]",
      "instances": [
        {
          "schema_version": 0,
          "attributes": {
            "arn": "arn:aws:autoscaling:us-east-1:524103092742:autoScalingGroup:7aced212-b34a-47f7-944e-06bb2a6309ee:autoScalingGroupName/fuzefront-website-production-asg",
            "availability_zones": [
              "us-east-1a",
              "us-east-1b",
              "us-east-1c",
              "us-east-1d",
              "us-east-1e",
              "us-east-1f"
            ],
            "default_cooldown": 300,
            "desired_capacity": 1,
            "desired_capacity_type": "",
            "enabled_metrics": [],
            "health_check_grace_period": 300,
            "health_check_type": "EC2",
            "id": "fuzefront-website-production-asg",
            "instance_maintenance_policy": [],
            "launch_configuration": "",
            "launch_template": [
              {
                "id": "lt-0a163d9f8df0964a3",
                "name": "fuzefront-website-production-20250714161710712400000001",
                "version": "$Latest"
              }
            ],
            "load_balancers": [],
            "max_instance_lifetime": 0,
            "max_size": 3,
            "min_size": 1,
            "mixed_instances_policy": [],
            "name": "fuzefront-website-production-asg",
            "new_instances_protected_from_scale_in": false,
            "placement_group": "",
            "predicted_capacity": 0,
            "service_linked_role_arn": "arn:aws:iam::524103092742:role/aws-service-role/autoscaling.amazonaws.com/AWSServiceRoleForAutoScaling",
            "status": "",
            "suspended_processes": [],
            "tag": [
              {
                "key": "Environment",
                "propagate_at_launch": true,
                "value": "production"
              },
              {
                "key": "ManagedBy",
                "propagate_at_launch": true,
                "value": "terraform"
              },
              {
                "key": "Name",
                "propagate_at_launch": false,
                "value": "fuzefront-website-production-asg"
              },
              {
                "key": "Project",
                "propagate_at_launch": true,
                "value": "fuzefront-website"
              },
              {
                "key": "Purpose",
                "propagate_at_launch": true,
                "value": "fuzefront-website"
              }
            ],
            "target_group_arns": [
              "arn:aws:elasticloadbalancing:us-east-1:524103092742:targetgroup/fuzefront-website-production-tg/4b5184cbc4593264"
            ],
            "termination_policies": [
              "Default"
            ],
            "traffic_source": [
              {
                "identifier": "arn:aws:elasticloadbalancing:us-east-1:524103092742:targetgroup/fuzefront-website-production-tg/4b5184cbc4593264",
                "type": "elbv2"
              }
            ],
            "vpc_zone_identifier": "subnet-023c7dbcdfffa5310,subnet-0218b69cafe4590c5,subnet-0cb00f0f181864540,subnet-03b130ad48ac8854a,subnet-0c8cc09e11ddb07eb,subnet-0a0c88035d5dc9f83",
            "warm_pool": [],
            "warm_pool_size": 0
          },
          "sensitive_attributes": []
        }
      ]
    },
    {
      "mode": "data",
      "type": "aws_iam_instance_profile",
      "name": "ec2_profile",
      "provider": "provider[\"registry.terraform.io/hashicorp/aws\"]",
      "instances": [
        {
          "schema_version": 0,
          "attributes": {
            "arn": "arn:aws:iam::524103092742:instance-profile/fuzefront-website-production-ec2-profile",
            "create_date": "2025-07-21 18:34:37 +0000 UTC",
            "id": "AIPAXUBX2RIDH3VGG6FKM",
            "name": "fuzefront-website-production-ec2-profile",
            "path": "/",
            "role_arn": "arn:aws:iam::524103092742:role/fuzefront-website-production-ec2-ssm-role",
            "role_id": "AROAXUBX2RIDJB6S5G6CY",
            "role_name": "fuzefront-website-production-ec2-ssm-role"
          },
          "sensitive_attributes": []
        }
      ]
    },
    {
      "mode": "data",
      "type": "aws_iam_role",
      "name": "ec2_ssm_role",
      "provider": "provider[\"registry.terraform.io/hashicorp/aws\"]",
      "instances": [
        {
          "schema_version": 0,
          "attributes": {
            "arn": "arn:aws:iam::524103092742:role/fuzefront-website-production-ec2-ssm-role",
            "assume_role_policy": "{\"Version\":\"2012-10-17\",\"Statement\":[{\"Effect\":\"Allow\",\"Principal\":{\"Service\":\"ec2.amazonaws.com\"},\"Action\":\"sts:AssumeRole\"}]}",
            "create_date": "2025-07-21T18:34:37Z",
            "description": "",
            "id": "fuzefront-website-production-ec2-ssm-role",
            "max_session_duration": 3600,
            "name": "fuzefront-website-production-ec2-ssm-role",
            "path": "/",
            "permissions_boundary": "",
            "role_last_used": [
              {
                "last_used_date": "",
                "region": ""
              }
            ],
            "tags": {
              "Environment": "production",
              "ManagedBy": "terraform",
              "Name": "fuzefront-website-production-ec2-ssm-role",
              "Project": "fuzefront-website",
              "Purpose": "fuzefront-website"
            },
            "unique_id": "AROAXUBX2RIDJB6S5G6CY"
          },
          "sensitive_attributes": []
        }
      ]
    },
    {
      "mode": "data",
      "type": "aws_key_pair",
      "name": "main",
      "provider": "provider[\"registry.terraform.io/hashicorp/aws\"]",
      "instances": [
        {
          "schema_version": 0,
          "attributes": {
            "arn": "arn:aws:ec2:us-east-1:524103092742:key-pair/fuzefront-website-production-key",
            "create_time": "2025-07-21T20:34:50Z",
            "filter": null,
            "fingerprint": "d9:45:03:98:f7:68:27:f0:83:1c:7c:5c:7e:58:e2:b6",
            "id": "key-00189415df5644293",
            "include_public_key": true,
            "key_name": "fuzefront-website-production-key",
            "key_pair_id": "key-00189415df5644293",
            "key_type": "rsa",
            "public_key": "ssh-rsa AAAAB3NzaC1yc2EAAAADAQABAAABAQDFrV4IyeR5lLhdToGC0g3ZQeGDIDCfW0zI3em1ashwrgoTCed9sX20LL23EyXEWYvjovQKlM8WVV8dAlY0YRUWyEy+aUekjLQKTwBjZkSohYSL5NqzQcwGhKj8poNZwt42OqNgojkmJjgf55tU4EggzHxJKIS2tGXanCijSSCdeyL+5Jau2J3HITAETqq1uksyKeTtBr9/rnSBxzFjKvNlaVDpqUsjKS98XSR6mUt/Cl+O+RelOuQ+zOWsEGukMKl5v1tS2io02ISt9xVpPJMLnclDkKb2v7uVqaenvHNCXiIf7uy7/kN1n+ELrzu7hjUMlKftZXXxMJuQN+za3tJ3 fuzefront-website-production-key\n",
            "tags": {
              "Environment": "production",
              "ManagedBy": "terraform",
              "Name": "fuzefront-website-production-key",
              "Project": "fuzefront-website",
              "Purpose": "fuzefront-website"
            },
            "timeouts": null
          },
          "sensitive_attributes": []
        }
      ]
    },
    {
      "mode": "data",
      "type": "aws_lb",
      "name": "main",
      "provider": "provider[\"registry.terraform.io/hashicorp/aws\"]",
      "instances": [
        {
          "schema_version": 0,
          "attributes": {
            "access_logs": [
              {
                "bucket": "",
                "enabled": false,
                "prefix": ""
              }
            ],
            "arn": "arn:aws:elasticloadbalancing:us-east-1:524103092742:loadbalancer/app/fuzefront-website-production-alb/75393a06d19f090a",
            "arn_suffix": "app/fuzefront-website-production-alb/75393a06d19f090a",
            "client_keep_alive": 3600,
            "connection_logs": [
              {
                "bucket": "",
                "enabled": false,
                "prefix": ""
              }
            ],
            "customer_owned_ipv4_pool": "",
            "desync_mitigation_mode": "defensive",
            "dns_name": "fuzefront-website-production-alb-717394184.us-east-1.elb.amazonaws.com",
            "dns_record_client_routing_policy": null,
            "drop_invalid_header_fields": false,
            "enable_cross_zone_load_balancing": true,
            "enable_deletion_protection": false,
            "enable_http2": true,
            "enable_tls_version_and_cipher_suite_headers": false,
            "enable_waf_fail_open": false,
            "enable_xff_client_port": false,
            "enable_zonal_shift": false,
            "enforce_security_group_inbound_rules_on_private_link_traffic": "",
            "id": "arn:aws:elasticloadbalancing:us-east-1:524103092742:loadbalancer/app/fuzefront-website-production-alb/75393a06d19f090a",
            "idle_timeout": 60,
            "internal": false,
            "ip_address_type": "ipv4",
            "ipam_pools": [],
            "load_balancer_type": "application",
            "name": "fuzefront-website-production-alb",
            "preserve_host_header": false,
            "security_groups": [
              "sg-01bccbb06ca24fe3f"
            ],
            "subnet_mapping": [
              {
                "allocation_id": "",
                "ipv6_address": "",
                "outpost_id": "",
                "private_ipv4_address": "",
                "subnet_id": "subnet-0218b69cafe4590c5"
              },
              {
                "allocation_id": "",
                "ipv6_address": "",
                "outpost_id": "",
                "private_ipv4_address": "",
                "subnet_id": "subnet-023c7dbcdfffa5310"
              },
              {
                "allocation_id": "",
                "ipv6_address": "",
                "outpost_id": "",
                "private_ipv4_address": "",
                "subnet_id": "subnet-03b130ad48ac8854a"
              },
              {
                "allocation_id": "",
                "ipv6_address": "",
                "outpost_id": "",
                "private_ipv4_address": "",
                "subnet_id": "subnet-0a0c88035d5dc9f83"
              },
              {
                "allocation_id": "",
                "ipv6_address": "",
                "outpost_id": "",
                "private_ipv4_address": "",
                "subnet_id": "subnet-0c8cc09e11ddb07eb"
              },
              {
                "allocation_id": "",
                "ipv6_address": "",
                "outpost_id": "",
                "private_ipv4_address": "",
                "subnet_id": "subnet-0cb00f0f181864540"
              }
            ],
            "subnets": [
              "subnet-0218b69cafe4590c5",
              "subnet-023c7dbcdfffa5310",
              "subnet-03b130ad48ac8854a",
              "subnet-0a0c88035d5dc9f83",
              "subnet-0c8cc09e11ddb07eb",
              "subnet-0cb00f0f181864540"
            ],
            "tags": {
              "Environment": "production",
              "ManagedBy": "terraform",
              "Name": "fuzefront-website-production-alb",
              "Project": "fuzefront-website",
              "Purpose": "fuzefront-website"
            },
            "timeouts": null,
            "vpc_id": "vpc-03087eb29ab79b8bb",
            "xff_header_processing_mode": "append",
            "zone_id": "Z35SXDOTRQ7X7K"
          },
          "sensitive_attributes": []
        }
      ]
    },
    {
      "mode": "data",
      "type": "aws_lb_target_group",
      "name": "main",
      "provider": "provider[\"registry.terraform.io/hashicorp/aws\"]",
      "instances": [
        {
          "schema_version": 0,
          "attributes": {
            "arn": "arn:aws:elasticloadbalancing:us-east-1:524103092742:targetgroup/fuzefront-website-production-tg/4b5184cbc4593264",
            "arn_suffix": "targetgroup/fuzefront-website-production-tg/4b5184cbc4593264",
            "connection_termination": null,
            "deregistration_delay": "300",
            "health_check": [
              {
                "enabled": true,
                "healthy_threshold": 2,
                "interval": 30,
                "matcher": "200",
                "path": "/health",
                "port": "traffic-port",
                "protocol": "HTTP",
                "timeout": 5,
                "unhealthy_threshold": 2
              }
            ],
            "id": "arn:aws:elasticloadbalancing:us-east-1:524103092742:targetgroup/fuzefront-website-production-tg/4b5184cbc4593264",
            "lambda_multi_value_headers_enabled": null,
            "load_balancer_arns": [
              "arn:aws:elasticloadbalancing:us-east-1:524103092742:loadbalancer/app/fuzefront-website-production-alb/75393a06d19f090a"
            ],
            "load_balancing_algorithm_type": "round_robin",
            "load_balancing_anomaly_mitigation": "off",
            "load_balancing_cross_zone_enabled": "use_load_balancer_configuration",
            "name": "fuzefront-website-production-tg",
            "port": 80,
            "preserve_client_ip": null,
            "protocol": "HTTP",
            "protocol_version": "HTTP1",
            "proxy_protocol_v2": null,
            "slow_start": 0,
            "stickiness": [
              {
                "cookie_duration": 86400,
                "cookie_name": "",
                "enabled": false,
                "type": "lb_cookie"
              }
            ],
            "tags": {
              "Environment": "production",
              "ManagedBy": "terraform",
              "Name": "fuzefront-website-production-tg",
              "Project": "fuzefront-website",
              "Purpose": "fuzefront-website"
            },
            "target_type": "instance",
            "timeouts": null,
            "vpc_id": "vpc-03087eb29ab79b8bb"
          },
          "sensitive_attributes": []
        }
      ]
    },
    {
      "mode": "data",
      "type": "aws_security_groups",
      "name": "existing_alb",
      "provider": "provider[\"registry.terraform.io/hashicorp/aws\"]",
      "instances": [
        {
          "schema_version": 0,
          "attributes": {
            "arns": [
              "arn:aws:ec2:us-east-1:524103092742:security-group/sg-01bccbb06ca24fe3f"
            ],
            "filter": [
              {
                "name": "group-name",
                "values": [
                  "fuzefront-website-production-alb-sg"
                ]
              }
            ],
            "id": "us-east-1",
            "ids": [
              "sg-01bccbb06ca24fe3f"
            ],
            "tags": null,
            "timeouts": null,
            "vpc_ids": [
              "vpc-03087eb29ab79b8bb"
            ]
          },
          "sensitive_attributes": []
        }
      ]
    },
    {
      "mode": "data",
      "type": "aws_security_groups",
      "name": "existing_ec2",
      "provider": "provider[\"registry.terraform.io/hashicorp/aws\"]",
      "instances": [
        {
          "schema_version": 0,
          "attributes": {
            "arns": [
              "arn:aws:ec2:us-east-1:524103092742:security-group/sg-02d69c4ff13b0062a"
            ],
            "filter": [
              {
                "name": "group-name",
                "values": [
                  "fuzefront-website-production-ec2-sg"
                ]
              }
            ],
            "id": "us-east-1",
            "ids": [
              "sg-02d69c4ff13b0062a"
            ],
            "tags": null,
            "timeouts": null,
            "vpc_ids": [
              "vpc-03087eb29ab79b8bb"
            ]
          },
          "sensitive_attributes": []
        }
      ]
    },
    {
      "mode": "data",
      "type": "aws_subnets",
      "name": "default",
      "provider": "provider[\"registry.terraform.io/hashicorp/aws\"]",
      "instances": [
        {
          "schema_version": 0,
          "attributes": {
            "filter": [
              {
                "name": "vpc-id",
                "values": [
                  "vpc-03087eb29ab79b8bb"
                ]
              }
            ],
            "id": "us-east-1",
            "ids": [
              "subnet-023c7dbcdfffa5310",
              "subnet-0218b69cafe4590c5",
              "subnet-0cb00f0f181864540",
              "subnet-03b130ad48ac8854a",
              "subnet-0c8cc09e11ddb07eb",
              "subnet-0a0c88035d5dc9f83"
            ],
            "tags": null,
            "timeouts": null
          },
          "sensitive_attributes": []
        }
      ]
    },
    {
      "mode": "data",
      "type": "aws_vpc",
      "name": "default",
      "provider": "provider[\"registry.terraform.io/hashicorp/aws\"]",
      "instances": [
        {
          "schema_version": 0,
          "attributes": {
            "arn": "arn:aws:ec2:us-east-1:524103092742:vpc/vpc-03087eb29ab79b8bb",
            "cidr_block": "172.31.0.0/16",
            "cidr_block_associations": [
              {
                "association_id": "vpc-cidr-assoc-0b993e2e569ee3e2c",
                "cidr_block": "172.31.0.0/16",
                "state": "associated"
              }
            ],
            "default": true,
            "dhcp_options_id": "dopt-00a04275bf2ea52a9",
            "enable_dns_hostnames": true,
            "enable_dns_support": true,
            "enable_network_address_usage_metrics": false,
            "filter": null,
            "id": "vpc-03087eb29ab79b8bb",
            "instance_tenancy": "default",
            "ipv6_association_id": "",
            "ipv6_cidr_block": "",
            "main_route_table_id": "rtb-041f0bbc54ce2c087",
            "owner_id": "524103092742",
            "state": null,
            "tags": {},
            "timeouts": null
          },
          "sensitive_attributes": []
        }
      ]
    },
    {
      "mode": "managed",
      "type": "aws_launch_template",
      "name": "main",
      "provider": "provider[\"registry.terraform.io/hashicorp/aws\"]",
      "instances": [
        {
          "schema_version": 0,
          "attributes": {
            "arn": "arn:aws:ec2:us-east-1:524103092742:launch-template/lt-05813531e03ad16d3",
            "block_device_mappings": [],
            "capacity_reservation_specification": [],
            "cpu_options": [],
            "credit_specification": [],
            "default_version": 1,
            "description": "",
            "disable_api_stop": false,
            "disable_api_termination": false,
            "ebs_optimized": "",
            "elastic_gpu_specifications": [],
            "elastic_inference_accelerator": [],
            "enclave_options": [],
            "hibernation_options": [],
            "iam_instance_profile": [
              {
                "arn": "",
                "name": "fuzefront-website-production-ec2-profile"
              }
            ],
            "id": "lt-05813531e03ad16d3",
            "image_id": "ami-0c7217cdde317cfec",
            "instance_initiated_shutdown_behavior": "",
            "instance_market_options": [],
            "instance_requirements": [],
            "instance_type": "t3.nano",
            "kernel_id": "",
            "key_name": "fuzefront-website-production-key",
            "latest_version": 1,
            "license_specification": [],
            "maintenance_options": [],
            "metadata_options": [],
            "monitoring": [],
            "name": "fuzefront-website-production-20250721204629227800000001",
            "name_prefix": "fuzefront-website-production-",
            "network_interfaces": [],
            "placement": [],
            "private_dns_name_options": [],
            "ram_disk_id": "",
            "security_group_names": null,
            "tag_specifications": [
              {
                "resource_type": "instance",
                "tags": {
                  "Environment": "production",
                  "ManagedBy": "terraform",
                  "Name": "fuzefront-website-production-instance",
                  "Project": "fuzefront-website",
                  "Purpose": "fuzefront-website"
                }
              }
            ],
            "tags": {
              "Environment": "production",
              "ManagedBy": "terraform",
              "Name": "fuzefront-website-production-template",
              "Project": "fuzefront-website",
              "Purpose": "fuzefront-website"
            },
            "tags_all": {
              "Environment": "production",
              "ManagedBy": "terraform",
              "Name": "fuzefront-website-production-template",
              "Project": "fuzefront-website",
              "Purpose": "fuzefront-website"
            },
            "update_default_version": null,
            "user_data": "IyEvYmluL2Jhc2gNCg0KIyBTaW1wbGUgdXNlciBkYXRhIHNjcmlwdCBmb3IgRnV6ZUZyb250IFdlYnNpdGUgZGVwbG95bWVudA0KIyBUaGlzIHNjcmlwdCBzZXRzIHVwIHRoZSBiYXNpYyBlbnZpcm9ubWVudCBhbmQgYSBkZXBsb3ltZW50IG1lY2hhbmlzbQ0KDQojIFVwZGF0ZSBzeXN0ZW0NCmFwdC1nZXQgdXBkYXRlIC15DQoNCiMgQ29uZmlndXJlIHBhc3N3b3JkbGVzcyBzdWRvIGZvciB1YnVudHUgdXNlcg0KZWNobyAndWJ1bnR1IEFMTD0oQUxMKSBOT1BBU1NXRDpBTEwnIHwgdGVlIC9ldGMvc3Vkb2Vycy5kLzk5LXVidW50dS1ub3Bhc3N3ZA0KY2htb2QgNDQwIC9ldGMvc3Vkb2Vycy5kLzk5LXVidW50dS1ub3Bhc3N3ZA0KDQojIEluc3RhbGwgRG9ja2VyDQphcHQtZ2V0IGluc3RhbGwgLXkgZG9ja2VyLmlvDQpzeXN0ZW1jdGwgc3RhcnQgZG9ja2VyDQpzeXN0ZW1jdGwgZW5hYmxlIGRvY2tlcg0KdXNlcm1vZCAtYSAtRyBkb2NrZXIgdWJ1bnR1DQoNCiMgSW5zdGFsbCBBV1MgQ0xJDQphcHQtZ2V0IGluc3RhbGwgLXkgYXdzY2xpDQoNCiMgSW5zdGFsbCBhbmQgc3RhcnQgU1NNIGFnZW50IChhbHJlYWR5IGluc3RhbGxlZCBvbiBVYnVudHUgQU1JcykNCnN5c3RlbWN0bCBlbmFibGUgYW1hem9uLXNzbS1hZ2VudA0Kc3lzdGVtY3RsIHN0YXJ0IGFtYXpvbi1zc20tYWdlbnQNCg0KIyBDcmVhdGUgYXBwbGljYXRpb24gZGlyZWN0b3J5DQpta2RpciAtcCAvb3B0L2Z1emVmcm9udC13ZWJzaXRlDQpjZCAvb3B0L2Z1emVmcm9udC13ZWJzaXRlDQoNCiMgQ3JlYXRlIGRlcGxveW1lbnQgc2NyaXB0IHRoYXQgd2lsbCBiZSBjYWxsZWQgYnkgQ0kvQ0QNCmNhdCA+IC9vcHQvZnV6ZWZyb250LXdlYnNpdGUvZGVwbG95LnNoIDw8ICdFT0YnDQojIS9iaW4vYmFzaA0KDQojIFRoaXMgc2NyaXB0IHdpbGwgYmUgZXhlY3V0ZWQgYnkgdGhlIGRlcGxveW1lbnQgcHJvY2Vzcw0KIyBJdCBwdWxscyBsYXRlc3QgaW1hZ2VzIGZyb20gRUNSIGFuZCByZXN0YXJ0cyBzZXJ2aWNlcw0KDQpzZXQgLWUNCg0KZWNobyAiU3RhcnRpbmcgZGVwbG95bWVudCBhdCAkKGRhdGUpIg0KDQojIEdldCBBV1MgYWNjb3VudCBJRCBhbmQgcmVnaW9uDQpBQ0NPVU5UX0lEPSQoYXdzIHN0cyBnZXQtY2FsbGVyLWlkZW50aXR5IC0tcXVlcnkgQWNjb3VudCAtLW91dHB1dCB0ZXh0KQ0KQVdTX1JFR0lPTj0ke0FXU19SRUdJT046LXVzLWVhc3QtMX0NCg0KIyBFQ1IgcmVwb3NpdG9yeSBVUklzDQpCQUNLRU5EX0lNQUdFPSIke0FDQ09VTlRfSUR9LmRrci5lY3IuJHtBV1NfUkVHSU9OfS5hbWF6b25hd3MuY29tL2Z1emVmcm9udC13ZWJzaXRlLWJhY2tlbmQ6bGF0ZXN0Ig0KRlJPTlRFTkRfSU1BR0U9IiR7QUNDT1VOVF9JRH0uZGtyLmVjci4ke0FXU19SRUdJT059LmFtYXpvbmF3cy5jb20vZnV6ZWZyb250LXdlYnNpdGUtZnJvbnRlbmQ6bGF0ZXN0Ig0KDQojIExvZ2luIHRvIEVDUg0KYXdzIGVjciBnZXQtbG9naW4tcGFzc3dvcmQgLS1yZWdpb24gJHtBV1NfUkVHSU9OfSB8IGRvY2tlciBsb2dpbiAtLXVzZXJuYW1lIEFXUyAtLXBhc3N3b3JkLXN0ZGluICR7QUNDT1VOVF9JRH0uZGtyLmVjci4ke0FXU19SRUdJT059LmFtYXpvbmF3cy5jb20NCg0KIyBQdWxsIGxhdGVzdCBpbWFnZXMNCmVjaG8gIlB1bGxpbmcgbGF0ZXN0IERvY2tlciBpbWFnZXMuLi4iDQpkb2NrZXIgcHVsbCAke0JBQ0tFTkRfSU1BR0V9DQpkb2NrZXIgcHVsbCAke0ZST05URU5EX0lNQUdFfQ0KDQojIFN0b3AgZXhpc3RpbmcgY29udGFpbmVycw0KZWNobyAiU3RvcHBpbmcgZXhpc3RpbmcgY29udGFpbmVycy4uLiINCmRvY2tlciBzdG9wIGZ1emVmcm9udC1iYWNrZW5kIGZ1emVmcm9udC1mcm9udGVuZCBmdXplZnJvbnQtbmdpbnggfHwgdHJ1ZQ0KZG9ja2VyIHJtIGZ1emVmcm9udC1iYWNrZW5kIGZ1emVmcm9udC1mcm9udGVuZCBmdXplZnJvbnQtbmdpbnggfHwgdHJ1ZQ0KDQojIENyZWF0ZSBEb2NrZXIgbmV0d29yayBmb3IgY29udGFpbmVyIGNvbW11bmljYXRpb24NCmRvY2tlciBuZXR3b3JrIGNyZWF0ZSBmdXplZnJvbnQtbmV0d29yayB8fCB0cnVlDQoNCiMgU3RhcnQgYmFja2VuZCBmaXJzdA0KZWNobyAiU3RhcnRpbmcgYmFja2VuZCBjb250YWluZXIuLi4iDQpkb2NrZXIgcnVuIC1kIFwNCiAgLS1uYW1lIGZ1emVmcm9udC1iYWNrZW5kIFwNCiAgLS1uZXR3b3JrIGZ1emVmcm9udC1uZXR3b3JrIFwNCiAgLS1yZXN0YXJ0IHVubGVzcy1zdG9wcGVkIFwNCiAgLWUgTk9ERV9FTlY9cHJvZHVjdGlvbiBcDQogIC1lIFBPUlQ9MzAwMSBcDQogICR7QkFDS0VORF9JTUFHRX0NCg0KIyBXYWl0IGZvciBiYWNrZW5kIHRvIGJlIHJlYWR5DQplY2hvICJXYWl0aW5nIGZvciBiYWNrZW5kIHRvIHN0YXJ0Li4uIg0Kc2xlZXAgMTANCg0KIyBTdGFydCBmcm9udGVuZCAoaW5jbHVkZXMgYnVpbHQtaW4gbmdpbnggd2l0aCBBUEkgcHJveHlpbmcpDQplY2hvICJTdGFydGluZyBmcm9udGVuZCBjb250YWluZXIgd2l0aCBidWlsdC1pbiBuZ2lueC4uLiINCmRvY2tlciBydW4gLWQgXA0KICAtLW5hbWUgZnV6ZWZyb250LWZyb250ZW5kIFwNCiAgLS1uZXR3b3JrIGZ1emVmcm9udC1uZXR3b3JrIFwNCiAgLS1yZXN0YXJ0IHVubGVzcy1zdG9wcGVkIFwNCiAgLXAgODA6ODAgXA0KICAke0ZST05URU5EX0lNQUdFfQ0KDQojIFZlcmlmeSBjb250YWluZXJzIGFyZSBydW5uaW5nIGFuZCBuZXR3b3JrZWQNCmVjaG8gIlZlcmlmeWluZyBjb250YWluZXIgbmV0d29yayBjb25uZWN0aXZpdHkuLi4iDQpkb2NrZXIgZXhlYyBmdXplZnJvbnQtZnJvbnRlbmQgc2ggLWMgInBpbmcgLWMgMSBmdXplZnJvbnQtYmFja2VuZCIgfHwgZWNobyAiV2FybmluZzogQmFja2VuZCBwaW5nIGZhaWxlZCINCg0KZWNobyAiRGVwbG95bWVudCBjb21wbGV0ZWQgc3VjY2Vzc2Z1bGx5IGF0ICQoZGF0ZSkiDQpFT0YNCg0KIyBNYWtlIGRlcGxveSBzY3JpcHQgZXhlY3V0YWJsZQ0KY2htb2QgK3ggL29wdC9mdXplZnJvbnQtd2Vic2l0ZS9kZXBsb3kuc2gNCg0KIyBDcmVhdGUgYSBzaW1wbGUgaW5pdGlhbCBzZXR1cA0KY2F0ID4gL29wdC9mdXplZnJvbnQtd2Vic2l0ZS9pbml0aWFsLXNldHVwLnNoIDw8ICdFT0YnDQojIS9iaW4vYmFzaA0KDQojIEluaXRpYWwgc2V0dXAgLSBqdXN0IHNlcnZlIGEgc2ltcGxlIHBhZ2UgdW50aWwgZGVwbG95bWVudCBydW5zDQplY2hvICJTZXR0aW5nIHVwIGluaXRpYWwgd2ViIHNlcnZlci4uLiINCg0KIyBDcmVhdGUgYSBzaW1wbGUgbmdpbnggY29udGFpbmVyIGZvciBoZWFsdGggY2hlY2tzDQpkb2NrZXIgcnVuIC1kIFwNCiAgLS1uYW1lIGZ1emVmcm9udC1uZ2lueCBcDQogIC0tcmVzdGFydCB1bmxlc3Mtc3RvcHBlZCBcDQogIC1wIDgwOjgwIFwNCiAgbmdpbng6YWxwaW5lDQoNCiMgQ29uZmlndXJlIG5naW54IGZvciBoZWFsdGggY2hlY2tzDQpkb2NrZXIgZXhlYyBmdXplZnJvbnQtbmdpbnggc2ggLWMgJ2NhdCA+IC9ldGMvbmdpbngvbmdpbnguY29uZiA8PCAiTkdJTlhfRU9GIg0KZXZlbnRzIHsNCiAgICB3b3JrZXJfY29ubmVjdGlvbnMgMTAyNDsNCn0NCg0KaHR0cCB7DQogICAgc2VydmVyIHsNCiAgICAgICAgbGlzdGVuIDgwOw0KICAgICAgICANCiAgICAgICAgbG9jYXRpb24gL2hlYWx0aCB7DQogICAgICAgICAgICBhY2Nlc3NfbG9nIG9mZjsNCiAgICAgICAgICAgIHJldHVybiAyMDAgImhlYWx0aHlcbiI7DQogICAgICAgICAgICBhZGRfaGVhZGVyIENvbnRlbnQtVHlwZSB0ZXh0L3BsYWluOw0KICAgICAgICB9DQogICAgICAgIA0KICAgICAgICBsb2NhdGlvbiAvIHsNCiAgICAgICAgICAgIGFjY2Vzc19sb2cgb2ZmOw0KICAgICAgICAgICAgcmV0dXJuIDIwMCAiRnV6ZUZyb250IFdlYnNpdGUgLSBEZXBsb3ltZW50IGluIFByb2dyZXNzXG4iOw0KICAgICAgICAgICAgYWRkX2hlYWRlciBDb250ZW50LVR5cGUgdGV4dC9wbGFpbjsNCiAgICAgICAgfQ0KICAgIH0NCn0NCk5HSU5YX0VPRicNCg0KZG9ja2VyIGV4ZWMgZnV6ZWZyb250LW5naW54IG5naW54IC1zIHJlbG9hZA0KDQplY2hvICJJbml0aWFsIHNldHVwIGNvbXBsZXRlZCINCkVPRg0KDQojIE1ha2UgaW5pdGlhbCBzZXR1cCBleGVjdXRhYmxlDQpjaG1vZCAreCAvb3B0L2Z1emVmcm9udC13ZWJzaXRlL2luaXRpYWwtc2V0dXAuc2gNCg0KIyBSdW4gaW5pdGlhbCBzZXR1cA0KL29wdC9mdXplZnJvbnQtd2Vic2l0ZS9pbml0aWFsLXNldHVwLnNoDQoNCmVjaG8gIlVzZXIgZGF0YSBzY3JpcHQgY29tcGxldGVkISI=",
            "vpc_security_group_ids": [
              "sg-02d69c4ff13b0062a"
            ]
          },
          "sensitive_attributes": [],
          "private": "bnVsbA==",
          "dependencies": [
            "aws_security_group.ec2",
            "data.aws_iam_instance_profile.ec2_profile",
            "data.aws_key_pair.main",
            "data.aws_security_groups.existing_ec2"
          ],
          "create_before_destroy": true
        }
      ]
    }
  ],
  "check_results": null
}
